PODS:
  - Bulletin (1.2.4):
    - Espresso (~> 2.1)
  - Espresso (2.1.0):
    - Espresso/Core (= 2.1.0)
  - Espresso/Core (2.1.0):
    - SnapKit (~> 4.0)
  - SnapKit (4.2.0)

DEPENDENCIES:
  - Bulletin (from `../`)

SPEC REPOS:
  https://github.com/cocoapods/specs.git:
    - Espresso
    - SnapKit

EXTERNAL SOURCES:
  Bulletin:
    :path: "../"

SPEC CHECKSUMS:
  Bulletin: bfb1ea4ec65e6275302c7be3e09d76b6712ef0a3
  Espresso: 4f53e8d9d60efb0973a7a950645efa88d4cff3b6
  SnapKit: fe8a619752f3f27075cc9a90244d75c6c3f27e2a

PODFILE CHECKSUM: 7b587408b5ef195c377f0ad743c9ce654c0ec3b0

COCOAPODS: 1.6.1
