PODS:
  - Bulletin (1.1.0):
    - SnapKit (~> 4.0.0)
  - SnapKit (4.0.0)

DEPENDENCIES:
  - Bulletin (from `../`)

EXTERNAL SOURCES:
  Bulletin:
    :path: "../"

SPEC CHECKSUMS:
  Bulletin: f0dc0bf9285e060219c0adcecf043f5f58c49f90
  SnapKit: a42d492c16e80209130a3379f73596c3454b7694

PODFILE CHECKSUM: 86f999a8d23261e57318875ed3a5aad5cd1bb02d

COCOAPODS: 1.2.1
